
Microsoft Visual Studio Solution File, Format Version 12.00
# Visual Studio Version 17
VisualStudioVersion = 17.0.32014.148
MinimumVisualStudioVersion = 10.0.40219.1
Project("{FAE04EC0-301F-11D3-BF4B-00C04F79EFBC}") = "ProductCatalog.Server", "ProductCatalog\Server\ProductCatalog.Server.csproj", "{08C0CCD1-B5EB-45DA-9D13-235F0839B30E}"
EndProject
Project("{FAE04EC0-301F-11D3-BF4B-00C04F79EFBC}") = "ProductCatalog.Client", "ProductCatalog\Client\ProductCatalog.Client.csproj", "{F547D785-6F97-43C8-A719-B23082B552E6}"
EndProject
Project("{FAE04EC0-301F-11D3-BF4B-00C04F79EFBC}") = "ProductCatalog.Shared", "ProductCatalog\Shared\ProductCatalog.Shared.csproj", "{7D732692-1F07-42C3-BF48-2F9D12014EC1}"
EndProject
Global
	GlobalSection(SolutionConfigurationPlatforms) = preSolution
		Debug|Any CPU = Debug|Any CPU
		Release|Any CPU = Release|Any CPU
	EndGlobalSection
	GlobalSection(ProjectConfigurationPlatforms) = postSolution
		{08C0CCD1-B5EB-45DA-9D13-235F0839B30E}.Debug|Any CPU.ActiveCfg = Debug|Any CPU
		{08C0CCD1-B5EB-45DA-9D13-235F0839B30E}.Debug|Any CPU.Build.0 = Debug|Any CPU
		{08C0CCD1-B5EB-45DA-9D13-235F0839B30E}.Release|Any CPU.ActiveCfg = Release|Any CPU
		{08C0CCD1-B5EB-45DA-9D13-235F0839B30E}.Release|Any CPU.Build.0 = Release|Any CPU
		{F547D785-6F97-43C8-A719-B23082B552E6}.Debug|Any CPU.ActiveCfg = Debug|Any CPU
		{F547D785-6F97-43C8-A719-B23082B552E6}.Debug|Any CPU.Build.0 = Debug|Any CPU
		{F547D785-6F97-43C8-A719-B23082B552E6}.Release|Any CPU.ActiveCfg = Release|Any CPU
		{F547D785-6F97-43C8-A719-B23082B552E6}.Release|Any CPU.Build.0 = Release|Any CPU
		{7D732692-1F07-42C3-BF48-2F9D12014EC1}.Debug|Any CPU.ActiveCfg = Debug|Any CPU
		{7D732692-1F07-42C3-BF48-2F9D12014EC1}.Debug|Any CPU.Build.0 = Debug|Any CPU
		{7D732692-1F07-42C3-BF48-2F9D12014EC1}.Release|Any CPU.ActiveCfg = Release|Any CPU
		{7D732692-1F07-42C3-BF48-2F9D12014EC1}.Release|Any CPU.Build.0 = Release|Any CPU
	EndGlobalSection
	GlobalSection(SolutionProperties) = preSolution
		HideSolutionNode = FALSE
	EndGlobalSection
	GlobalSection(ExtensibilityGlobals) = postSolution
		SolutionGuid = {7A32AF14-A612-471B-BD1B-EBDFE5846631}
	EndGlobalSection
EndGlobal
